
Microsoft Visual Studio Solution File, Format Version 12.00
# Visual Studio Version 17
VisualStudioVersion = 17.14.36327.8 d17.14
MinimumVisualStudioVersion = 10.0.40219.1
Project("{FAE04EC0-301F-11D3-BF4B-00C04F79EFBC}") = "ASP work", "ASP work\ASP work.csproj", "{DAF58648-29C0-42D5-A7E4-AEC96DB56528}"
EndProject
Global
	GlobalSection(SolutionConfigurationPlatforms) = preSolution
		Debug|Any CPU = Debug|Any CPU
		Release|Any CPU = Release|Any CPU
	EndGlobalSection
	GlobalSection(ProjectConfigurationPlatforms) = postSolution
		{DAF58648-29C0-42D5-A7E4-AEC96DB56528}.Debug|Any CPU.ActiveCfg = Debug|Any CPU
		{DAF58648-29C0-42D5-A7E4-AEC96DB56528}.Debug|Any CPU.Build.0 = Debug|Any CPU
		{DAF58648-29C0-42D5-A7E4-AEC96DB56528}.Release|Any CPU.ActiveCfg = Release|Any CPU
		{DAF58648-29C0-42D5-A7E4-AEC96DB56528}.Release|Any CPU.Build.0 = Release|Any CPU
	EndGlobalSection
	GlobalSection(SolutionProperties) = preSolution
		HideSolutionNode = FALSE
	EndGlobalSection
	GlobalSection(ExtensibilityGlobals) = postSolution
		SolutionGuid = {DAE81F76-6E63-44EE-B45D-7107F8A7687D}
	EndGlobalSection
EndGlobal
